
Microsoft Visual Studio Solution File, Format Version 12.00
# Visual Studio Version 16
VisualStudioVersion = 16.0.29424.173
MinimumVisualStudioVersion = 10.0.40219.1
Project("{FAE04EC0-301F-11D3-BF4B-00C04F79EFBC}") = "WhatsNewInCS8", "WhatsNewInCS8\WhatsNewInCS8.csproj", "{648D55C9-C645-4E11-8493-C107539BAA9F}"
EndProject
Project("{FAE04EC0-301F-11D3-BF4B-00C04F79EFBC}") = "WhatsNewInCS8Core", "WhatsNewInCS8Core\WhatsNewInCS8Core.csproj", "{BACC87FE-4C5C-46CF-BDBA-25E4FD78883C}"
EndProject
Global
	GlobalSection(SolutionConfigurationPlatforms) = preSolution
		Debug|Any CPU = Debug|Any CPU
		Release|Any CPU = Release|Any CPU
	EndGlobalSection
	GlobalSection(ProjectConfigurationPlatforms) = postSolution
		{648D55C9-C645-4E11-8493-C107539BAA9F}.Debug|Any CPU.ActiveCfg = Debug|Any CPU
		{648D55C9-C645-4E11-8493-C107539BAA9F}.Debug|Any CPU.Build.0 = Debug|Any CPU
		{648D55C9-C645-4E11-8493-C107539BAA9F}.Release|Any CPU.ActiveCfg = Release|Any CPU
		{648D55C9-C645-4E11-8493-C107539BAA9F}.Release|Any CPU.Build.0 = Release|Any CPU
		{BACC87FE-4C5C-46CF-BDBA-25E4FD78883C}.Debug|Any CPU.ActiveCfg = Debug|Any CPU
		{BACC87FE-4C5C-46CF-BDBA-25E4FD78883C}.Debug|Any CPU.Build.0 = Debug|Any CPU
		{BACC87FE-4C5C-46CF-BDBA-25E4FD78883C}.Release|Any CPU.ActiveCfg = Release|Any CPU
		{BACC87FE-4C5C-46CF-BDBA-25E4FD78883C}.Release|Any CPU.Build.0 = Release|Any CPU
	EndGlobalSection
	GlobalSection(SolutionProperties) = preSolution
		HideSolutionNode = FALSE
	EndGlobalSection
	GlobalSection(ExtensibilityGlobals) = postSolution
		SolutionGuid = {88200003-03CE-481C-8D10-9060EB88BFC4}
	EndGlobalSection
EndGlobal
